
Microsoft Visual Studio Solution File, Format Version 12.00
# Visual Studio Version 16
VisualStudioVersion = 16.0.31205.134
MinimumVisualStudioVersion = 10.0.40219.1
Project("{8BC9CEB8-8B4A-11D0-8D11-00A0C91BC942}") = "SOCOM_LAUNCHER", "SOCOM_LAUNCHER.vcxproj", "{A5D88C0E-A48D-46F2-A20C-CD9C7A10DBD6}"
	ProjectSection(ProjectDependencies) = postProject
		{5D311A2F-6343-40A7-A40F-E56B5A121859} = {5D311A2F-6343-40A7-A40F-E56B5A121859}
		{4EA3105D-EEF2-44DF-B3D1-ED90561D4CDD} = {4EA3105D-EEF2-44DF-B3D1-ED90561D4CDD}
		{8C120A6B-C79C-4E11-B3F4-5AA61D07F049} = {8C120A6B-C79C-4E11-B3F4-5AA61D07F049}
		{1E6341DA-CC07-44EA-8F52-475A2416CE2A} = {1E6341DA-CC07-44EA-8F52-475A2416CE2A}
	EndProjectSection
EndProject
Project("{8BC9CEB8-8B4A-11D0-8D11-00A0C91BC942}") = "SOCOM_2", "MENUS\SOCOM_2\INTERNAL-SOCOM.vcxproj", "{4EA3105D-EEF2-44DF-B3D1-ED90561D4CDD}"
EndProject
Project("{8BC9CEB8-8B4A-11D0-8D11-00A0C91BC942}") = "SOCOM_CA", "MENUS\SOCOM_CA\SOCOM_CA_INTERNAL.vcxproj", "{5D311A2F-6343-40A7-A40F-E56B5A121859}"
EndProject
Project("{8BC9CEB8-8B4A-11D0-8D11-00A0C91BC942}") = "OG_SOCOM_INTERNAL", "MENUS\SOCOM_1\OG_SOCOM_INTERNAL.vcxproj", "{8C120A6B-C79C-4E11-B3F4-5AA61D07F049}"
EndProject
Project("{8BC9CEB8-8B4A-11D0-8D11-00A0C91BC942}") = "SOCOM_3_INTERNAL", "MENUS\SOCOM_3\SOCOM_3_INTERNAL.vcxproj", "{1E6341DA-CC07-44EA-8F52-475A2416CE2A}"
EndProject
Global
	GlobalSection(SolutionConfigurationPlatforms) = preSolution
		Debug|x64 = Debug|x64
		Debug|x86 = Debug|x86
		Release|x64 = Release|x64
		Release|x86 = Release|x86
	EndGlobalSection
	GlobalSection(ProjectConfigurationPlatforms) = postSolution
		{A5D88C0E-A48D-46F2-A20C-CD9C7A10DBD6}.Debug|x64.ActiveCfg = Debug|x64
		{A5D88C0E-A48D-46F2-A20C-CD9C7A10DBD6}.Debug|x64.Build.0 = Debug|x64
		{A5D88C0E-A48D-46F2-A20C-CD9C7A10DBD6}.Debug|x86.ActiveCfg = Debug|Win32
		{A5D88C0E-A48D-46F2-A20C-CD9C7A10DBD6}.Debug|x86.Build.0 = Debug|Win32
		{A5D88C0E-A48D-46F2-A20C-CD9C7A10DBD6}.Release|x64.ActiveCfg = Release|x64
		{A5D88C0E-A48D-46F2-A20C-CD9C7A10DBD6}.Release|x64.Build.0 = Release|x64
		{A5D88C0E-A48D-46F2-A20C-CD9C7A10DBD6}.Release|x86.ActiveCfg = Release|Win32
		{A5D88C0E-A48D-46F2-A20C-CD9C7A10DBD6}.Release|x86.Build.0 = Release|Win32
		{4EA3105D-EEF2-44DF-B3D1-ED90561D4CDD}.Debug|x64.ActiveCfg = Debug|x64
		{4EA3105D-EEF2-44DF-B3D1-ED90561D4CDD}.Debug|x64.Build.0 = Debug|x64
		{4EA3105D-EEF2-44DF-B3D1-ED90561D4CDD}.Debug|x86.ActiveCfg = Debug|Win32
		{4EA3105D-EEF2-44DF-B3D1-ED90561D4CDD}.Debug|x86.Build.0 = Debug|Win32
		{4EA3105D-EEF2-44DF-B3D1-ED90561D4CDD}.Release|x64.ActiveCfg = Release|x64
		{4EA3105D-EEF2-44DF-B3D1-ED90561D4CDD}.Release|x64.Build.0 = Release|x64
		{4EA3105D-EEF2-44DF-B3D1-ED90561D4CDD}.Release|x86.ActiveCfg = Release|Win32
		{4EA3105D-EEF2-44DF-B3D1-ED90561D4CDD}.Release|x86.Build.0 = Release|Win32
		{5D311A2F-6343-40A7-A40F-E56B5A121859}.Debug|x64.ActiveCfg = Debug|x64
		{5D311A2F-6343-40A7-A40F-E56B5A121859}.Debug|x64.Build.0 = Debug|x64
		{5D311A2F-6343-40A7-A40F-E56B5A121859}.Debug|x86.ActiveCfg = Debug|Win32
		{5D311A2F-6343-40A7-A40F-E56B5A121859}.Debug|x86.Build.0 = Debug|Win32
		{5D311A2F-6343-40A7-A40F-E56B5A121859}.Release|x64.ActiveCfg = Release|x64
		{5D311A2F-6343-40A7-A40F-E56B5A121859}.Release|x64.Build.0 = Release|x64
		{5D311A2F-6343-40A7-A40F-E56B5A121859}.Release|x86.ActiveCfg = Release|Win32
		{5D311A2F-6343-40A7-A40F-E56B5A121859}.Release|x86.Build.0 = Release|Win32
		{8C120A6B-C79C-4E11-B3F4-5AA61D07F049}.Debug|x64.ActiveCfg = Debug|x64
		{8C120A6B-C79C-4E11-B3F4-5AA61D07F049}.Debug|x64.Build.0 = Debug|x64
		{8C120A6B-C79C-4E11-B3F4-5AA61D07F049}.Debug|x86.ActiveCfg = Debug|Win32
		{8C120A6B-C79C-4E11-B3F4-5AA61D07F049}.Debug|x86.Build.0 = Debug|Win32
		{8C120A6B-C79C-4E11-B3F4-5AA61D07F049}.Release|x64.ActiveCfg = Release|x64
		{8C120A6B-C79C-4E11-B3F4-5AA61D07F049}.Release|x64.Build.0 = Release|x64
		{8C120A6B-C79C-4E11-B3F4-5AA61D07F049}.Release|x86.ActiveCfg = Release|Win32
		{8C120A6B-C79C-4E11-B3F4-5AA61D07F049}.Release|x86.Build.0 = Release|Win32
		{1E6341DA-CC07-44EA-8F52-475A2416CE2A}.Debug|x64.ActiveCfg = Debug|x64
		{1E6341DA-CC07-44EA-8F52-475A2416CE2A}.Debug|x64.Build.0 = Debug|x64
		{1E6341DA-CC07-44EA-8F52-475A2416CE2A}.Debug|x86.ActiveCfg = Debug|Win32
		{1E6341DA-CC07-44EA-8F52-475A2416CE2A}.Debug|x86.Build.0 = Debug|Win32
		{1E6341DA-CC07-44EA-8F52-475A2416CE2A}.Release|x64.ActiveCfg = Release|x64
		{1E6341DA-CC07-44EA-8F52-475A2416CE2A}.Release|x64.Build.0 = Release|x64
		{1E6341DA-CC07-44EA-8F52-475A2416CE2A}.Release|x86.ActiveCfg = Release|Win32
		{1E6341DA-CC07-44EA-8F52-475A2416CE2A}.Release|x86.Build.0 = Release|Win32
	EndGlobalSection
	GlobalSection(SolutionProperties) = preSolution
		HideSolutionNode = FALSE
	EndGlobalSection
	GlobalSection(ExtensibilityGlobals) = postSolution
		SolutionGuid = {16AEB0B4-F749-4D34-91DC-DACB22DD112C}
	EndGlobalSection
EndGlobal
